// !$*UTF8*$!
{
	archiveVersion = 1;
	classes = {
	};
	objectVersion = 50;
	objects = {

/* Begin PBXFileReference section */
		C9DB51C7212FF047002573B1 /* pku.sh */ = {isa = PBXFileReference; lastKnownFileType = text.script.sh; path = pku.sh; sourceTree = "<group>"; };
		C9DB51C8212FF047002573B1 /* Matlab */ = {isa = PBXFileReference; lastKnownFileType = folder; path = Matlab; sourceTree = "<group>"; };
		C9DB51C9212FF047002573B1 /* README.md */ = {isa = PBXFileReference; lastKnownFileType = net.daringfireball.markdown; path = README.md; sourceTree = "<group>"; };
		C9DB51CA212FF047002573B1 /* run_scripts.sh */ = {isa = PBXFileReference; lastKnownFileType = text.script.sh; path = run_scripts.sh; sourceTree = "<group>"; };
/* End PBXFileReference section */

/* Begin PBXGroup section */
		C9DB51C0212FF01E002573B1 = {
			isa = PBXGroup;
			children = (
				C9DB51C8212FF047002573B1 /* Matlab */,
				C9DB51C7212FF047002573B1 /* pku.sh */,
				C9DB51C9212FF047002573B1 /* README.md */,
				C9DB51CA212FF047002573B1 /* run_scripts.sh */,
			);
			sourceTree = "<group>";
		};
/* End PBXGroup section */

/* Begin PBXProject section */
		C9DB51C1212FF01E002573B1 /* Project object */ = {
			isa = PBXProject;
			attributes = {
				LastUpgradeCheck = 1000;
			};
			buildConfigurationList = C9DB51C4212FF01E002573B1 /* Build configuration list for PBXProject "Scripts" */;
			compatibilityVersion = "Xcode 9.3";
			developmentRegion = en;
			hasScannedForEncodings = 0;
			knownRegions = (
				en,
			);
			mainGroup = C9DB51C0212FF01E002573B1;
			projectDirPath = "";
			projectRoot = "";
			targets = (
			);
		};
/* End PBXProject section */

/* Begin XCBuildConfiguration section */
		C9DB51C5212FF01E002573B1 /* Debug */ = {
			isa = XCBuildConfiguration;
			buildSettings = {
			};
			name = Debug;
		};
		C9DB51C6212FF01E002573B1 /* Release */ = {
			isa = XCBuildConfiguration;
			buildSettings = {
			};
			name = Release;
		};
/* End XCBuildConfiguration section */

/* Begin XCConfigurationList section */
		C9DB51C4212FF01E002573B1 /* Build configuration list for PBXProject "Scripts" */ = {
			isa = XCConfigurationList;
			buildConfigurations = (
				C9DB51C5212FF01E002573B1 /* Debug */,
				C9DB51C6212FF01E002573B1 /* Release */,
			);
			defaultConfigurationIsVisible = 0;
			defaultConfigurationName = Release;
		};
/* End XCConfigurationList section */
	};
	rootObject = C9DB51C1212FF01E002573B1 /* Project object */;
}
